
Microsoft Visual Studio Solution File, Format Version 12.00
# Visual Studio Version 17
VisualStudioVersion = 17.0.31903.59
MinimumVisualStudioVersion = 10.0.40219.1
Project("{2150E333-8FDC-42A3-9474-1A3956D46DE8}") = "src", "src", "{6BC13350-D628-46CE-9ACB-2BF9187447A7}"
EndProject
Project("{FAE04EC0-301F-11D3-BF4B-00C04F79EFBC}") = "WeatherService", "src\WeatherService\WeatherService.csproj", "{6CFC1688-692E-4748-97BA-2DA87F0D22DB}"
EndProject
Project("{FAE04EC0-301F-11D3-BF4B-00C04F79EFBC}") = "WeatherClient", "src\WeatherClient\WeatherClient.csproj", "{F58A4EA6-89B0-4D28-8B69-9505924D2E31}"
EndProject
Global
	GlobalSection(SolutionConfigurationPlatforms) = preSolution
		Debug|Any CPU = Debug|Any CPU
		Release|Any CPU = Release|Any CPU
	EndGlobalSection
	GlobalSection(SolutionProperties) = preSolution
		HideSolutionNode = FALSE
	EndGlobalSection
	GlobalSection(ProjectConfigurationPlatforms) = postSolution
		{6CFC1688-692E-4748-97BA-2DA87F0D22DB}.Debug|Any CPU.ActiveCfg = Debug|Any CPU
		{6CFC1688-692E-4748-97BA-2DA87F0D22DB}.Debug|Any CPU.Build.0 = Debug|Any CPU
		{6CFC1688-692E-4748-97BA-2DA87F0D22DB}.Release|Any CPU.ActiveCfg = Release|Any CPU
		{6CFC1688-692E-4748-97BA-2DA87F0D22DB}.Release|Any CPU.Build.0 = Release|Any CPU
		{F58A4EA6-89B0-4D28-8B69-9505924D2E31}.Debug|Any CPU.ActiveCfg = Debug|Any CPU
		{F58A4EA6-89B0-4D28-8B69-9505924D2E31}.Debug|Any CPU.Build.0 = Debug|Any CPU
		{F58A4EA6-89B0-4D28-8B69-9505924D2E31}.Release|Any CPU.ActiveCfg = Release|Any CPU
		{F58A4EA6-89B0-4D28-8B69-9505924D2E31}.Release|Any CPU.Build.0 = Release|Any CPU
	EndGlobalSection
	GlobalSection(NestedProjects) = preSolution
		{6CFC1688-692E-4748-97BA-2DA87F0D22DB} = {6BC13350-D628-46CE-9ACB-2BF9187447A7}
		{F58A4EA6-89B0-4D28-8B69-9505924D2E31} = {6BC13350-D628-46CE-9ACB-2BF9187447A7}
	EndGlobalSection
EndGlobal
